
Microsoft Visual Studio Solution File, Format Version 12.00
# Visual Studio 15
VisualStudioVersion = 15.0.28010.2046
MinimumVisualStudioVersion = 10.0.40219.1
Project("{FAE04EC0-301F-11D3-BF4B-00C04F79EFBC}") = "numberGame", "numberGame\numberGame.csproj", "{660625F6-7712-4FE4-A805-213538723460}"
EndProject
Global
	GlobalSection(SolutionConfigurationPlatforms) = preSolution
		Debug|Any CPU = Debug|Any CPU
		Release|Any CPU = Release|Any CPU
	EndGlobalSection
	GlobalSection(ProjectConfigurationPlatforms) = postSolution
		{660625F6-7712-4FE4-A805-213538723460}.Debug|Any CPU.ActiveCfg = Debug|Any CPU
		{660625F6-7712-4FE4-A805-213538723460}.Debug|Any CPU.Build.0 = Debug|Any CPU
		{660625F6-7712-4FE4-A805-213538723460}.Release|Any CPU.ActiveCfg = Release|Any CPU
		{660625F6-7712-4FE4-A805-213538723460}.Release|Any CPU.Build.0 = Release|Any CPU
	EndGlobalSection
	GlobalSection(SolutionProperties) = preSolution
		HideSolutionNode = FALSE
	EndGlobalSection
	GlobalSection(ExtensibilityGlobals) = postSolution
		SolutionGuid = {44C76495-1A7D-4A54-AC2F-C16E04C78206}
	EndGlobalSection
EndGlobal
